{
  "name": "solidity-graph",
  "version": "0.1.0",
  "lockfileVersion": 1,
  "requires": true,
  "dependencies": {
    "fs": {
      "version": "0.0.1-security",
      "resolved": "https://registry.npmjs.org/fs/-/fs-0.0.1-security.tgz",
      "integrity": "sha1-invTcYa23d84E/I4WLV+yq9eQdQ="
    },
    "solidity-parser-antlr": {
      "version": "git+https://github.com/federicobond/solidity-parser-antlr.git#9bbf1e2e0233d5eb5881938911a38ada42a01e98"
    }
  }
}
